// !$*UTF8*$!
{
	archiveVersion = 1;
	classes = {
	};
	objectVersion = 77;
	objects = {

/* Begin PBXBuildFile section */
		3B12D7EE2F2AA2BD00C9B856 /* ubo Watch App.app in Embed Watch Content */ = {isa = PBXBuildFile; fileRef = 3B12D7CE2F2AA2BD00C9B856 /* ubo Watch App.app */; settings = {ATTRIBUTES = (RemoveHeadersOnCopy, ); }; };
/* End PBXBuildFile section */

/* Begin PBXContainerItemProxy section */
		3B12D7DB2F2AA2BD00C9B856 /* PBXContainerItemProxy */ = {
			isa = PBXContainerItemProxy;
			containerPortal = 3B2BFCED2F2A9EB8009F6CB1 /* Project object */;
			proxyType = 1;
			remoteGlobalIDString = 3B12D7CD2F2AA2BD00C9B856;
			remoteInfo = "ubo Watch App";
		};
		3B12D7E52F2AA2BD00C9B856 /* PBXContainerItemProxy */ = {
			isa = PBXContainerItemProxy;
			containerPortal = 3B2BFCED2F2A9EB8009F6CB1 /* Project object */;
			proxyType = 1;
			remoteGlobalIDString = 3B12D7CD2F2AA2BD00C9B856;
			remoteInfo = "ubo Watch App";
		};
		3B12D7EC2F2AA2BD00C9B856 /* PBXContainerItemProxy */ = {
			isa = PBXContainerItemProxy;
			containerPortal = 3B2BFCED2F2A9EB8009F6CB1 /* Project object */;
			proxyType = 1;
			remoteGlobalIDString = 3B12D7CD2F2AA2BD00C9B856;
			remoteInfo = "ubo Watch App";
		};
		3B2BFD032F2A9EB9009F6CB1 /* PBXContainerItemProxy */ = {
			isa = PBXContainerItemProxy;
			containerPortal = 3B2BFCED2F2A9EB8009F6CB1 /* Project object */;
			proxyType = 1;
			remoteGlobalIDString = 3B2BFCF42F2A9EB8009F6CB1;
			remoteInfo = "ubo-swift-app";
		};
		3B2BFD0D2F2A9EB9009F6CB1 /* PBXContainerItemProxy */ = {
			isa = PBXContainerItemProxy;
			containerPortal = 3B2BFCED2F2A9EB8009F6CB1 /* Project object */;
			proxyType = 1;
			remoteGlobalIDString = 3B2BFCF42F2A9EB8009F6CB1;
			remoteInfo = "ubo-swift-app";
		};
/* End PBXContainerItemProxy section */

/* Begin PBXCopyFilesBuildPhase section */
		3B12D7EF2F2AA2BD00C9B856 /* Embed Watch Content */ = {
			isa = PBXCopyFilesBuildPhase;
			buildActionMask = 2147483647;
			dstPath = "$(CONTENTS_FOLDER_PATH)/Watch";
			dstSubfolderSpec = 16;
			files = (
				3B12D7EE2F2AA2BD00C9B856 /* ubo Watch App.app in Embed Watch Content */,
			);
			name = "Embed Watch Content";
			runOnlyForDeploymentPostprocessing = 0;
		};
/* End PBXCopyFilesBuildPhase section */

/* Begin PBXFileReference section */
		3B12D7CE2F2AA2BD00C9B856 /* ubo Watch App.app */ = {isa = PBXFileReference; explicitFileType = wrapper.application; includeInIndex = 0; path = "ubo Watch App.app"; sourceTree = BUILT_PRODUCTS_DIR; };
		3B12D7DA2F2AA2BD00C9B856 /* ubo Watch AppTests.xctest */ = {isa = PBXFileReference; explicitFileType = wrapper.cfbundle; includeInIndex = 0; path = "ubo Watch AppTests.xctest"; sourceTree = BUILT_PRODUCTS_DIR; };
		3B12D7E42F2AA2BD00C9B856 /* ubo Watch AppUITests.xctest */ = {isa = PBXFileReference; explicitFileType = wrapper.cfbundle; includeInIndex = 0; path = "ubo Watch AppUITests.xctest"; sourceTree = BUILT_PRODUCTS_DIR; };
		3B2BFCF52F2A9EB8009F6CB1 /* ubo-swift-app.app */ = {isa = PBXFileReference; explicitFileType = wrapper.application; includeInIndex = 0; path = "ubo-swift-app.app"; sourceTree = BUILT_PRODUCTS_DIR; };
		3B2BFD022F2A9EB9009F6CB1 /* ubo-swift-appTests.xctest */ = {isa = PBXFileReference; explicitFileType = wrapper.cfbundle; includeInIndex = 0; path = "ubo-swift-appTests.xctest"; sourceTree = BUILT_PRODUCTS_DIR; };
		3B2BFD0C2F2A9EB9009F6CB1 /* ubo-swift-appUITests.xctest */ = {isa = PBXFileReference; explicitFileType = wrapper.cfbundle; includeInIndex = 0; path = "ubo-swift-appUITests.xctest"; sourceTree = BUILT_PRODUCTS_DIR; };
/* End PBXFileReference section */

/* Begin PBXFileSystemSynchronizedRootGroup section */
		3B12D7CF2F2AA2BD00C9B856 /* ubo Watch App */ = {
			isa = PBXFileSystemSynchronizedRootGroup;
			path = "ubo Watch App";
			sourceTree = "<group>";
		};
		3B12D7DD2F2AA2BD00C9B856 /* ubo Watch AppTests */ = {
			isa = PBXFileSystemSynchronizedRootGroup;
			path = "ubo Watch AppTests";
			sourceTree = "<group>";
		};
		3B12D7E72F2AA2BD00C9B856 /* ubo Watch AppUITests */ = {
			isa = PBXFileSystemSynchronizedRootGroup;
			path = "ubo Watch AppUITests";
			sourceTree = "<group>";
		};
		3B2BFCF72F2A9EB8009F6CB1 /* ubo-swift-app */ = {
			isa = PBXFileSystemSynchronizedRootGroup;
			path = "ubo-swift-app";
			sourceTree = "<group>";
		};
		3B2BFD052F2A9EB9009F6CB1 /* ubo-swift-appTests */ = {
			isa = PBXFileSystemSynchronizedRootGroup;
			path = "ubo-swift-appTests";
			sourceTree = "<group>";
		};
		3B2BFD0F2F2A9EB9009F6CB1 /* ubo-swift-appUITests */ = {
			isa = PBXFileSystemSynchronizedRootGroup;
			path = "ubo-swift-appUITests";
			sourceTree = "<group>";
		};
/* End PBXFileSystemSynchronizedRootGroup section */

/* Begin PBXFrameworksBuildPhase section */
		3B12D7CB2F2AA2BD00C9B856 /* Frameworks */ = {
			isa = PBXFrameworksBuildPhase;
			buildActionMask = 2147483647;
			files = (
			);
			runOnlyForDeploymentPostprocessing = 0;
		};
		3B12D7D72F2AA2BD00C9B856 /* Frameworks */ = {
			isa = PBXFrameworksBuildPhase;
			buildActionMask = 2147483647;
			files = (
			);
			runOnlyForDeploymentPostprocessing = 0;
		};
		3B12D7E12F2AA2BD00C9B856 /* Frameworks */ = {
			isa = PBXFrameworksBuildPhase;
			buildActionMask = 2147483647;
			files = (
			);
			runOnlyForDeploymentPostprocessing = 0;
		};
		3B2BFCF22F2A9EB8009F6CB1 /* Frameworks */ = {
			isa = PBXFrameworksBuildPhase;
			buildActionMask = 2147483647;
			files = (
			);
			runOnlyForDeploymentPostprocessing = 0;
		};
		3B2BFCFF2F2A9EB9009F6CB1 /* Frameworks */ = {
			isa = PBXFrameworksBuildPhase;
			buildActionMask = 2147483647;
			files = (
			);
			runOnlyForDeploymentPostprocessing = 0;
		};
		3B2BFD092F2A9EB9009F6CB1 /* Frameworks */ = {
			isa = PBXFrameworksBuildPhase;
			buildActionMask = 2147483647;
			files = (
			);
			runOnlyForDeploymentPostprocessing = 0;
		};
/* End PBXFrameworksBuildPhase section */

/* Begin PBXGroup section */
		3B2BFCEC2F2A9EB8009F6CB1 = {
			isa = PBXGroup;
			children = (
				3B2BFCF72F2A9EB8009F6CB1 /* ubo-swift-app */,
				3B2BFD052F2A9EB9009F6CB1 /* ubo-swift-appTests */,
				3B2BFD0F2F2A9EB9009F6CB1 /* ubo-swift-appUITests */,
				3B12D7CF2F2AA2BD00C9B856 /* ubo Watch App */,
				3B12D7DD2F2AA2BD00C9B856 /* ubo Watch AppTests */,
				3B12D7E72F2AA2BD00C9B856 /* ubo Watch AppUITests */,
				3B2BFCF62F2A9EB8009F6CB1 /* Products */,
			);
			sourceTree = "<group>";
		};
		3B2BFCF62F2A9EB8009F6CB1 /* Products */ = {
			isa = PBXGroup;
			children = (
				3B2BFCF52F2A9EB8009F6CB1 /* ubo-swift-app.app */,
				3B2BFD022F2A9EB9009F6CB1 /* ubo-swift-appTests.xctest */,
				3B2BFD0C2F2A9EB9009F6CB1 /* ubo-swift-appUITests.xctest */,
				3B12D7CE2F2AA2BD00C9B856 /* ubo Watch App.app */,
				3B12D7DA2F2AA2BD00C9B856 /* ubo Watch AppTests.xctest */,
				3B12D7E42F2AA2BD00C9B856 /* ubo Watch AppUITests.xctest */,
			);
			name = Products;
			sourceTree = "<group>";
		};
/* End PBXGroup section */

/* Begin PBXNativeTarget section */
		3B12D7CD2F2AA2BD00C9B856 /* ubo Watch App */ = {
			isa = PBXNativeTarget;
			buildConfigurationList = 3B12D7F62F2AA2BD00C9B856 /* Build configuration list for PBXNativeTarget "ubo Watch App" */;
			buildPhases = (
				3B12D7CA2F2AA2BD00C9B856 /* Sources */,
				3B12D7CB2F2AA2BD00C9B856 /* Frameworks */,
				3B12D7CC2F2AA2BD00C9B856 /* Resources */,
			);
			buildRules = (
			);
			dependencies = (
			);
			fileSystemSynchronizedGroups = (
				3B12D7CF2F2AA2BD00C9B856 /* ubo Watch App */,
			);
			name = "ubo Watch App";
			packageProductDependencies = (
			);
			productName = "ubo Watch App";
			productReference = 3B12D7CE2F2AA2BD00C9B856 /* ubo Watch App.app */;
			productType = "com.apple.product-type.application";
		};
		3B12D7D92F2AA2BD00C9B856 /* ubo Watch AppTests */ = {
			isa = PBXNativeTarget;
			buildConfigurationList = 3B12D7F72F2AA2BD00C9B856 /* Build configuration list for PBXNativeTarget "ubo Watch AppTests" */;
			buildPhases = (
				3B12D7D62F2AA2BD00C9B856 /* Sources */,
				3B12D7D72F2AA2BD00C9B856 /* Frameworks */,
				3B12D7D82F2AA2BD00C9B856 /* Resources */,
			);
			buildRules = (
			);
			dependencies = (
				3B12D7DC2F2AA2BD00C9B856 /* PBXTargetDependency */,
			);
			fileSystemSynchronizedGroups = (
				3B12D7DD2F2AA2BD00C9B856 /* ubo Watch AppTests */,
			);
			name = "ubo Watch AppTests";
			packageProductDependencies = (
			);
			productName = "ubo Watch AppTests";
			productReference = 3B12D7DA2F2AA2BD00C9B856 /* ubo Watch AppTests.xctest */;
			productType = "com.apple.product-type.bundle.unit-test";
		};
		3B12D7E32F2AA2BD00C9B856 /* ubo Watch AppUITests */ = {
			isa = PBXNativeTarget;
			buildConfigurationList = 3B12D7F82F2AA2BD00C9B856 /* Build configuration list for PBXNativeTarget "ubo Watch AppUITests" */;
			buildPhases = (
				3B12D7E02F2AA2BD00C9B856 /* Sources */,
				3B12D7E12F2AA2BD00C9B856 /* Frameworks */,
				3B12D7E22F2AA2BD00C9B856 /* Resources */,
			);
			buildRules = (
			);
			dependencies = (
				3B12D7E62F2AA2BD00C9B856 /* PBXTargetDependency */,
			);
			fileSystemSynchronizedGroups = (
				3B12D7E72F2AA2BD00C9B856 /* ubo Watch AppUITests */,
			);
			name = "ubo Watch AppUITests";
			packageProductDependencies = (
			);
			productName = "ubo Watch AppUITests";
			productReference = 3B12D7E42F2AA2BD00C9B856 /* ubo Watch AppUITests.xctest */;
			productType = "com.apple.product-type.bundle.ui-testing";
		};
		3B2BFCF42F2A9EB8009F6CB1 /* ubo-swift-app */ = {
			isa = PBXNativeTarget;
			buildConfigurationList = 3B2BFD162F2A9EB9009F6CB1 /* Build configuration list for PBXNativeTarget "ubo-swift-app" */;
			buildPhases = (
				3B2BFCF12F2A9EB8009F6CB1 /* Sources */,
				3B2BFCF22F2A9EB8009F6CB1 /* Frameworks */,
				3B2BFCF32F2A9EB8009F6CB1 /* Resources */,
				3B12D7EF2F2AA2BD00C9B856 /* Embed Watch Content */,
			);
			buildRules = (
			);
			dependencies = (
				3B12D7ED2F2AA2BD00C9B856 /* PBXTargetDependency */,
			);
			fileSystemSynchronizedGroups = (
				3B2BFCF72F2A9EB8009F6CB1 /* ubo-swift-app */,
			);
			name = "ubo-swift-app";
			packageProductDependencies = (
			);
			productName = "ubo-swift-app";
			productReference = 3B2BFCF52F2A9EB8009F6CB1 /* ubo-swift-app.app */;
			productType = "com.apple.product-type.application";
		};
		3B2BFD012F2A9EB9009F6CB1 /* ubo-swift-appTests */ = {
			isa = PBXNativeTarget;
			buildConfigurationList = 3B2BFD192F2A9EB9009F6CB1 /* Build configuration list for PBXNativeTarget "ubo-swift-appTests" */;
			buildPhases = (
				3B2BFCFE2F2A9EB9009F6CB1 /* Sources */,
				3B2BFCFF2F2A9EB9009F6CB1 /* Frameworks */,
				3B2BFD002F2A9EB9009F6CB1 /* Resources */,
			);
			buildRules = (
			);
			dependencies = (
				3B2BFD042F2A9EB9009F6CB1 /* PBXTargetDependency */,
			);
			fileSystemSynchronizedGroups = (
				3B2BFD052F2A9EB9009F6CB1 /* ubo-swift-appTests */,
			);
			name = "ubo-swift-appTests";
			packageProductDependencies = (
			);
			productName = "ubo-swift-appTests";
			productReference = 3B2BFD022F2A9EB9009F6CB1 /* ubo-swift-appTests.xctest */;
			productType = "com.apple.product-type.bundle.unit-test";
		};
		3B2BFD0B2F2A9EB9009F6CB1 /* ubo-swift-appUITests */ = {
			isa = PBXNativeTarget;
			buildConfigurationList = 3B2BFD1C2F2A9EB9009F6CB1 /* Build configuration list for PBXNativeTarget "ubo-swift-appUITests" */;
			buildPhases = (
				3B2BFD082F2A9EB9009F6CB1 /* Sources */,
				3B2BFD092F2A9EB9009F6CB1 /* Frameworks */,
				3B2BFD0A2F2A9EB9009F6CB1 /* Resources */,
			);
			buildRules = (
			);
			dependencies = (
				3B2BFD0E2F2A9EB9009F6CB1 /* PBXTargetDependency */,
			);
			fileSystemSynchronizedGroups = (
				3B2BFD0F2F2A9EB9009F6CB1 /* ubo-swift-appUITests */,
			);
			name = "ubo-swift-appUITests";
			packageProductDependencies = (
			);
			productName = "ubo-swift-appUITests";
			productReference = 3B2BFD0C2F2A9EB9009F6CB1 /* ubo-swift-appUITests.xctest */;
			productType = "com.apple.product-type.bundle.ui-testing";
		};
/* End PBXNativeTarget section */

/* Begin PBXProject section */
		3B2BFCED2F2A9EB8009F6CB1 /* Project object */ = {
			isa = PBXProject;
			attributes = {
				BuildIndependentTargetsInParallel = 1;
				LastSwiftUpdateCheck = 2620;
				LastUpgradeCheck = 2620;
				TargetAttributes = {
					3B12D7CD2F2AA2BD00C9B856 = {
						CreatedOnToolsVersion = 26.2;
					};
					3B12D7D92F2AA2BD00C9B856 = {
						CreatedOnToolsVersion = 26.2;
						TestTargetID = 3B12D7CD2F2AA2BD00C9B856;
					};
					3B12D7E32F2AA2BD00C9B856 = {
						CreatedOnToolsVersion = 26.2;
						TestTargetID = 3B12D7CD2F2AA2BD00C9B856;
					};
					3B2BFCF42F2A9EB8009F6CB1 = {
						CreatedOnToolsVersion = 26.2;
					};
					3B2BFD012F2A9EB9009F6CB1 = {
						CreatedOnToolsVersion = 26.2;
						TestTargetID = 3B2BFCF42F2A9EB8009F6CB1;
					};
					3B2BFD0B2F2A9EB9009F6CB1 = {
						CreatedOnToolsVersion = 26.2;
						TestTargetID = 3B2BFCF42F2A9EB8009F6CB1;
					};
				};
			};
			buildConfigurationList = 3B2BFCF02F2A9EB8009F6CB1 /* Build configuration list for PBXProject "ubo-swift-app" */;
			developmentRegion = en;
			hasScannedForEncodings = 0;
			knownRegions = (
				en,
				Base,
			);
			mainGroup = 3B2BFCEC2F2A9EB8009F6CB1;
			minimizedProjectReferenceProxies = 1;
			preferredProjectObjectVersion = 77;
			productRefGroup = 3B2BFCF62F2A9EB8009F6CB1 /* Products */;
			projectDirPath = "";
			projectRoot = "";
			targets = (
				3B2BFCF42F2A9EB8009F6CB1 /* ubo-swift-app */,
				3B2BFD012F2A9EB9009F6CB1 /* ubo-swift-appTests */,
				3B2BFD0B2F2A9EB9009F6CB1 /* ubo-swift-appUITests */,
				3B12D7CD2F2AA2BD00C9B856 /* ubo Watch App */,
				3B12D7D92F2AA2BD00C9B856 /* ubo Watch AppTests */,
				3B12D7E32F2AA2BD00C9B856 /* ubo Watch AppUITests */,
			);
		};
/* End PBXProject section */

/* Begin PBXResourcesBuildPhase section */
		3B12D7CC2F2AA2BD00C9B856 /* Resources */ = {
			isa = PBXResourcesBuildPhase;
			buildActionMask = 2147483647;
			files = (
			);
			runOnlyForDeploymentPostprocessing = 0;
		};
		3B12D7D82F2AA2BD00C9B856 /* Resources */ = {
			isa = PBXResourcesBuildPhase;
			buildActionMask = 2147483647;
			files = (
			);
			runOnlyForDeploymentPostprocessing = 0;
		};
		3B12D7E22F2AA2BD00C9B856 /* Resources */ = {
			isa = PBXResourcesBuildPhase;
			buildActionMask = 2147483647;
			files = (
			);
			runOnlyForDeploymentPostprocessing = 0;
		};
		3B2BFCF32F2A9EB8009F6CB1 /* Resources */ = {
			isa = PBXResourcesBuildPhase;
			buildActionMask = 2147483647;
			files = (
			);
			runOnlyForDeploymentPostprocessing = 0;
		};
		3B2BFD002F2A9EB9009F6CB1 /* Resources */ = {
			isa = PBXResourcesBuildPhase;
			buildActionMask = 2147483647;
			files = (
			);
			runOnlyForDeploymentPostprocessing = 0;
		};
		3B2BFD0A2F2A9EB9009F6CB1 /* Resources */ = {
			isa = PBXResourcesBuildPhase;
			buildActionMask = 2147483647;
			files = (
			);
			runOnlyForDeploymentPostprocessing = 0;
		};
/* End PBXResourcesBuildPhase section */

/* Begin PBXSourcesBuildPhase section */
		3B12D7CA2F2AA2BD00C9B856 /* Sources */ = {
			isa = PBXSourcesBuildPhase;
			buildActionMask = 2147483647;
			files = (
			);
			runOnlyForDeploymentPostprocessing = 0;
		};
		3B12D7D62F2AA2BD00C9B856 /* Sources */ = {
			isa = PBXSourcesBuildPhase;
			buildActionMask = 2147483647;
			files = (
			);
			runOnlyForDeploymentPostprocessing = 0;
		};
		3B12D7E02F2AA2BD00C9B856 /* Sources */ = {
			isa = PBXSourcesBuildPhase;
			buildActionMask = 2147483647;
			files = (
			);
			runOnlyForDeploymentPostprocessing = 0;
		};
		3B2BFCF12F2A9EB8009F6CB1 /* Sources */ = {
			isa = PBXSourcesBuildPhase;
			buildActionMask = 2147483647;
			files = (
			);
			runOnlyForDeploymentPostprocessing = 0;
		};
		3B2BFCFE2F2A9EB9009F6CB1 /* Sources */ = {
			isa = PBXSourcesBuildPhase;
			buildActionMask = 2147483647;
			files = (
			);
			runOnlyForDeploymentPostprocessing = 0;
		};
		3B2BFD082F2A9EB9009F6CB1 /* Sources */ = {
			isa = PBXSourcesBuildPhase;
			buildActionMask = 2147483647;
			files = (
			);
			runOnlyForDeploymentPostprocessing = 0;
		};
/* End PBXSourcesBuildPhase section */

/* Begin PBXTargetDependency section */
		3B12D7DC2F2AA2BD00C9B856 /* PBXTargetDependency */ = {
			isa = PBXTargetDependency;
			target = 3B12D7CD2F2AA2BD00C9B856 /* ubo Watch App */;
			targetProxy = 3B12D7DB2F2AA2BD00C9B856 /* PBXContainerItemProxy */;
		};
		3B12D7E62F2AA2BD00C9B856 /* PBXTargetDependency */ = {
			isa = PBXTargetDependency;
			target = 3B12D7CD2F2AA2BD00C9B856 /* ubo Watch App */;
			targetProxy = 3B12D7E52F2AA2BD00C9B856 /* PBXContainerItemProxy */;
		};
		3B12D7ED2F2AA2BD00C9B856 /* PBXTargetDependency */ = {
			isa = PBXTargetDependency;
			target = 3B12D7CD2F2AA2BD00C9B856 /* ubo Watch App */;
			targetProxy = 3B12D7EC2F2AA2BD00C9B856 /* PBXContainerItemProxy */;
		};
		3B2BFD042F2A9EB9009F6CB1 /* PBXTargetDependency */ = {
			isa = PBXTargetDependency;
			target = 3B2BFCF42F2A9EB8009F6CB1 /* ubo-swift-app */;
			targetProxy = 3B2BFD032F2A9EB9009F6CB1 /* PBXContainerItemProxy */;
		};
		3B2BFD0E2F2A9EB9009F6CB1 /* PBXTargetDependency */ = {
			isa = PBXTargetDependency;
			target = 3B2BFCF42F2A9EB8009F6CB1 /* ubo-swift-app */;
			targetProxy = 3B2BFD0D2F2A9EB9009F6CB1 /* PBXContainerItemProxy */;
		};
/* End PBXTargetDependency section */

/* Begin XCBuildConfiguration section */
		3B12D7F02F2AA2BD00C9B856 /* Debug */ = {
			isa = XCBuildConfiguration;
			buildSettings = {
				ASSETCATALOG_COMPILER_APPICON_NAME = AppIcon;
				ASSETCATALOG_COMPILER_GLOBAL_ACCENT_COLOR_NAME = AccentColor;
				CODE_SIGN_STYLE = Automatic;
				CURRENT_PROJECT_VERSION = 1;
				ENABLE_PREVIEWS = YES;
				GENERATE_INFOPLIST_FILE = YES;
				INFOPLIST_KEY_CFBundleDisplayName = ubo;
				INFOPLIST_KEY_UISupportedInterfaceOrientations = "UIInterfaceOrientationPortrait UIInterfaceOrientationPortraitUpsideDown";
				INFOPLIST_KEY_WKCompanionAppBundleIdentifier = "ubopod.ubo-swift-app";
				INFOPLIST_KEY_WKRunsIndependentlyOfCompanionApp = YES;
				LD_RUNPATH_SEARCH_PATHS = (
					"$(inherited)",
					"@executable_path/Frameworks",
				);
				MARKETING_VERSION = 1.0;
				PRODUCT_BUNDLE_IDENTIFIER = "ubopod.ubo-swift-app.watchkitapp";
				PRODUCT_NAME = "$(TARGET_NAME)";
				SDKROOT = watchos;
				SKIP_INSTALL = YES;
				STRING_CATALOG_GENERATE_SYMBOLS = YES;
				SWIFT_APPROACHABLE_CONCURRENCY = YES;
				SWIFT_DEFAULT_ACTOR_ISOLATION = MainActor;
				SWIFT_EMIT_LOC_STRINGS = YES;
				SWIFT_UPCOMING_FEATURE_MEMBER_IMPORT_VISIBILITY = YES;
				SWIFT_VERSION = 5.0;
				TARGETED_DEVICE_FAMILY = 4;
				WATCHOS_DEPLOYMENT_TARGET = 26.2;
			};
			name = Debug;
		};
		3B12D7F12F2AA2BD00C9B856 /* Release */ = {
			isa = XCBuildConfiguration;
			buildSettings = {
				ASSETCATALOG_COMPILER_APPICON_NAME = AppIcon;
				ASSETCATALOG_COMPILER_GLOBAL_ACCENT_COLOR_NAME = AccentColor;
				CODE_SIGN_STYLE = Automatic;
				CURRENT_PROJECT_VERSION = 1;
				ENABLE_PREVIEWS = YES;
				GENERATE_INFOPLIST_FILE = YES;
				INFOPLIST_KEY_CFBundleDisplayName = ubo;
				INFOPLIST_KEY_UISupportedInterfaceOrientations = "UIInterfaceOrientationPortrait UIInterfaceOrientationPortraitUpsideDown";
				INFOPLIST_KEY_WKCompanionAppBundleIdentifier = "ubopod.ubo-swift-app";
				INFOPLIST_KEY_WKRunsIndependentlyOfCompanionApp = YES;
				LD_RUNPATH_SEARCH_PATHS = (
					"$(inherited)",
					"@executable_path/Frameworks",
				);
				MARKETING_VERSION = 1.0;
				PRODUCT_BUNDLE_IDENTIFIER = "ubopod.ubo-swift-app.watchkitapp";
				PRODUCT_NAME = "$(TARGET_NAME)";
				SDKROOT = watchos;
				SKIP_INSTALL = YES;
				STRING_CATALOG_GENERATE_SYMBOLS = YES;
				SWIFT_APPROACHABLE_CONCURRENCY = YES;
				SWIFT_DEFAULT_ACTOR_ISOLATION = MainActor;
				SWIFT_EMIT_LOC_STRINGS = YES;
				SWIFT_UPCOMING_FEATURE_MEMBER_IMPORT_VISIBILITY = YES;
				SWIFT_VERSION = 5.0;
				TARGETED_DEVICE_FAMILY = 4;
				VALIDATE_PRODUCT = YES;
				WATCHOS_DEPLOYMENT_TARGET = 26.2;
			};
			name = Release;
		};
		3B12D7F22F2AA2BD00C9B856 /* Debug */ = {
			isa = XCBuildConfiguration;
			buildSettings = {
				BUNDLE_LOADER = "$(TEST_HOST)";
				CODE_SIGN_STYLE = Automatic;
				CURRENT_PROJECT_VERSION = 1;
				GENERATE_INFOPLIST_FILE = YES;
				MARKETING_VERSION = 1.0;
				PRODUCT_BUNDLE_IDENTIFIER = "ubopod.ubo-Watch-AppTests";
				PRODUCT_NAME = "$(TARGET_NAME)";
				SDKROOT = watchos;
				STRING_CATALOG_GENERATE_SYMBOLS = NO;
				SWIFT_APPROACHABLE_CONCURRENCY = YES;
				SWIFT_EMIT_LOC_STRINGS = NO;
				SWIFT_UPCOMING_FEATURE_MEMBER_IMPORT_VISIBILITY = YES;
				SWIFT_VERSION = 5.0;
				TARGETED_DEVICE_FAMILY = 4;
				TEST_HOST = "$(BUILT_PRODUCTS_DIR)/ubo Watch App.app/$(BUNDLE_EXECUTABLE_FOLDER_PATH)/ubo Watch App";
				WATCHOS_DEPLOYMENT_TARGET = 26.2;
			};
			name = Debug;
		};
		3B12D7F32F2AA2BD00C9B856 /* Release */ = {
			isa = XCBuildConfiguration;
			buildSettings = {
				BUNDLE_LOADER = "$(TEST_HOST)";
				CODE_SIGN_STYLE = Automatic;
				CURRENT_PROJECT_VERSION = 1;
				GENERATE_INFOPLIST_FILE = YES;
				MARKETING_VERSION = 1.0;
				PRODUCT_BUNDLE_IDENTIFIER = "ubopod.ubo-Watch-AppTests";
				PRODUCT_NAME = "$(TARGET_NAME)";
				SDKROOT = watchos;
				STRING_CATALOG_GENERATE_SYMBOLS = NO;
				SWIFT_APPROACHABLE_CONCURRENCY = YES;
				SWIFT_EMIT_LOC_STRINGS = NO;
				SWIFT_UPCOMING_FEATURE_MEMBER_IMPORT_VISIBILITY = YES;
				SWIFT_VERSION = 5.0;
				TARGETED_DEVICE_FAMILY = 4;
				TEST_HOST = "$(BUILT_PRODUCTS_DIR)/ubo Watch App.app/$(BUNDLE_EXECUTABLE_FOLDER_PATH)/ubo Watch App";
				VALIDATE_PRODUCT = YES;
				WATCHOS_DEPLOYMENT_TARGET = 26.2;
			};
			name = Release;
		};
		3B12D7F42F2AA2BD00C9B856 /* Debug */ = {
			isa = XCBuildConfiguration;
			buildSettings = {
				CODE_SIGN_STYLE = Automatic;
				CURRENT_PROJECT_VERSION = 1;
				GENERATE_INFOPLIST_FILE = YES;
				MARKETING_VERSION = 1.0;
				PRODUCT_BUNDLE_IDENTIFIER = "ubopod.ubo-Watch-AppUITests";
				PRODUCT_NAME = "$(TARGET_NAME)";
				SDKROOT = watchos;
				STRING_CATALOG_GENERATE_SYMBOLS = NO;
				SWIFT_APPROACHABLE_CONCURRENCY = YES;
				SWIFT_EMIT_LOC_STRINGS = NO;
				SWIFT_UPCOMING_FEATURE_MEMBER_IMPORT_VISIBILITY = YES;
				SWIFT_VERSION = 5.0;
				TARGETED_DEVICE_FAMILY = 4;
				TEST_TARGET_NAME = "ubo Watch App";
				WATCHOS_DEPLOYMENT_TARGET = 26.2;
			};
			name = Debug;
		};
		3B12D7F52F2AA2BD00C9B856 /* Release */ = {
			isa = XCBuildConfiguration;
			buildSettings = {
				CODE_SIGN_STYLE = Automatic;
				CURRENT_PROJECT_VERSION = 1;
				GENERATE_INFOPLIST_FILE = YES;
				MARKETING_VERSION = 1.0;
				PRODUCT_BUNDLE_IDENTIFIER = "ubopod.ubo-Watch-AppUITests";
				PRODUCT_NAME = "$(TARGET_NAME)";
				SDKROOT = watchos;
				STRING_CATALOG_GENERATE_SYMBOLS = NO;
				SWIFT_APPROACHABLE_CONCURRENCY = YES;
				SWIFT_EMIT_LOC_STRINGS = NO;
				SWIFT_UPCOMING_FEATURE_MEMBER_IMPORT_VISIBILITY = YES;
				SWIFT_VERSION = 5.0;
				TARGETED_DEVICE_FAMILY = 4;
				TEST_TARGET_NAME = "ubo Watch App";
				VALIDATE_PRODUCT = YES;
				WATCHOS_DEPLOYMENT_TARGET = 26.2;
			};
			name = Release;
		};
		3B2BFD142F2A9EB9009F6CB1 /* Debug */ = {
			isa = XCBuildConfiguration;
			buildSettings = {
				ALWAYS_SEARCH_USER_PATHS = NO;
				ASSETCATALOG_COMPILER_GENERATE_SWIFT_ASSET_SYMBOL_EXTENSIONS = YES;
				CLANG_ANALYZER_NONNULL = YES;
				CLANG_ANALYZER_NUMBER_OBJECT_CONVERSION = YES_AGGRESSIVE;
				CLANG_CXX_LANGUAGE_STANDARD = "gnu++20";
				CLANG_ENABLE_MODULES = YES;
				CLANG_ENABLE_OBJC_ARC = YES;
				CLANG_ENABLE_OBJC_WEAK = YES;
				CLANG_WARN_BLOCK_CAPTURE_AUTORELEASING = YES;
				CLANG_WARN_BOOL_CONVERSION = YES;
				CLANG_WARN_COMMA = YES;
				CLANG_WARN_CONSTANT_CONVERSION = YES;
				CLANG_WARN_DEPRECATED_OBJC_IMPLEMENTATIONS = YES;
				CLANG_WARN_DIRECT_OBJC_ISA_USAGE = YES_ERROR;
				CLANG_WARN_DOCUMENTATION_COMMENTS = YES;
				CLANG_WARN_EMPTY_BODY = YES;
				CLANG_WARN_ENUM_CONVERSION = YES;
				CLANG_WARN_INFINITE_RECURSION = YES;
				CLANG_WARN_INT_CONVERSION = YES;
				CLANG_WARN_NON_LITERAL_NULL_CONVERSION = YES;
				CLANG_WARN_OBJC_IMPLICIT_RETAIN_SELF = YES;
				CLANG_WARN_OBJC_LITERAL_CONVERSION = YES;
				CLANG_WARN_OBJC_ROOT_CLASS = YES_ERROR;
				CLANG_WARN_QUOTED_INCLUDE_IN_FRAMEWORK_HEADER = YES;
				CLANG_WARN_RANGE_LOOP_ANALYSIS = YES;
				CLANG_WARN_STRICT_PROTOTYPES = YES;
				CLANG_WARN_SUSPICIOUS_MOVE = YES;
				CLANG_WARN_UNGUARDED_AVAILABILITY = YES_AGGRESSIVE;
				CLANG_WARN_UNREACHABLE_CODE = YES;
				CLANG_WARN__DUPLICATE_METHOD_MATCH = YES;
				COPY_PHASE_STRIP = NO;
				DEBUG_INFORMATION_FORMAT = dwarf;
				ENABLE_STRICT_OBJC_MSGSEND = YES;
				ENABLE_TESTABILITY = YES;
				ENABLE_USER_SCRIPT_SANDBOXING = YES;
				GCC_C_LANGUAGE_STANDARD = gnu17;
				GCC_DYNAMIC_NO_PIC = NO;
				GCC_NO_COMMON_BLOCKS = YES;
				GCC_OPTIMIZATION_LEVEL = 0;
				GCC_PREPROCESSOR_DEFINITIONS = (
					"DEBUG=1",
					"$(inherited)",
				);
				GCC_WARN_64_TO_32_BIT_CONVERSION = YES;
				GCC_WARN_ABOUT_RETURN_TYPE = YES_ERROR;
				GCC_WARN_UNDECLARED_SELECTOR = YES;
				GCC_WARN_UNINITIALIZED_AUTOS = YES_AGGRESSIVE;
				GCC_WARN_UNUSED_FUNCTION = YES;
				GCC_WARN_UNUSED_VARIABLE = YES;
				LOCALIZATION_PREFERS_STRING_CATALOGS = YES;
				MTL_ENABLE_DEBUG_INFO = INCLUDE_SOURCE;
				MTL_FAST_MATH = YES;
				ONLY_ACTIVE_ARCH = YES;
				SWIFT_ACTIVE_COMPILATION_CONDITIONS = "DEBUG $(inherited)";
				SWIFT_OPTIMIZATION_LEVEL = "-Onone";
			};
			name = Debug;
		};
		3B2BFD152F2A9EB9009F6CB1 /* Release */ = {
			isa = XCBuildConfiguration;
			buildSettings = {
				ALWAYS_SEARCH_USER_PATHS = NO;
				ASSETCATALOG_COMPILER_GENERATE_SWIFT_ASSET_SYMBOL_EXTENSIONS = YES;
				CLANG_ANALYZER_NONNULL = YES;
				CLANG_ANALYZER_NUMBER_OBJECT_CONVERSION = YES_AGGRESSIVE;
				CLANG_CXX_LANGUAGE_STANDARD = "gnu++20";
				CLANG_ENABLE_MODULES = YES;
				CLANG_ENABLE_OBJC_ARC = YES;
				CLANG_ENABLE_OBJC_WEAK = YES;
				CLANG_WARN_BLOCK_CAPTURE_AUTORELEASING = YES;
				CLANG_WARN_BOOL_CONVERSION = YES;
				CLANG_WARN_COMMA = YES;
				CLANG_WARN_CONSTANT_CONVERSION = YES;
				CLANG_WARN_DEPRECATED_OBJC_IMPLEMENTATIONS = YES;
				CLANG_WARN_DIRECT_OBJC_ISA_USAGE = YES_ERROR;
				CLANG_WARN_DOCUMENTATION_COMMENTS = YES;
				CLANG_WARN_EMPTY_BODY = YES;
				CLANG_WARN_ENUM_CONVERSION = YES;
				CLANG_WARN_INFINITE_RECURSION = YES;
				CLANG_WARN_INT_CONVERSION = YES;
				CLANG_WARN_NON_LITERAL_NULL_CONVERSION = YES;
				CLANG_WARN_OBJC_IMPLICIT_RETAIN_SELF = YES;
				CLANG_WARN_OBJC_LITERAL_CONVERSION = YES;
				CLANG_WARN_OBJC_ROOT_CLASS = YES_ERROR;
				CLANG_WARN_QUOTED_INCLUDE_IN_FRAMEWORK_HEADER = YES;
				CLANG_WARN_RANGE_LOOP_ANALYSIS = YES;
				CLANG_WARN_STRICT_PROTOTYPES = YES;
				CLANG_WARN_SUSPICIOUS_MOVE = YES;
				CLANG_WARN_UNGUARDED_AVAILABILITY = YES_AGGRESSIVE;
				CLANG_WARN_UNREACHABLE_CODE = YES;
				CLANG_WARN__DUPLICATE_METHOD_MATCH = YES;
				COPY_PHASE_STRIP = NO;
				DEBUG_INFORMATION_FORMAT = "dwarf-with-dsym";
				ENABLE_NS_ASSERTIONS = NO;
				ENABLE_STRICT_OBJC_MSGSEND = YES;
				ENABLE_USER_SCRIPT_SANDBOXING = YES;
				GCC_C_LANGUAGE_STANDARD = gnu17;
				GCC_NO_COMMON_BLOCKS = YES;
				GCC_WARN_64_TO_32_BIT_CONVERSION = YES;
				GCC_WARN_ABOUT_RETURN_TYPE = YES_ERROR;
				GCC_WARN_UNDECLARED_SELECTOR = YES;
				GCC_WARN_UNINITIALIZED_AUTOS = YES_AGGRESSIVE;
				GCC_WARN_UNUSED_FUNCTION = YES;
				GCC_WARN_UNUSED_VARIABLE = YES;
				LOCALIZATION_PREFERS_STRING_CATALOGS = YES;
				MTL_ENABLE_DEBUG_INFO = NO;
				MTL_FAST_MATH = YES;
				SWIFT_COMPILATION_MODE = wholemodule;
			};
			name = Release;
		};
		3B2BFD172F2A9EB9009F6CB1 /* Debug */ = {
			isa = XCBuildConfiguration;
			buildSettings = {
				ASSETCATALOG_COMPILER_APPICON_NAME = AppIcon;
				ASSETCATALOG_COMPILER_GLOBAL_ACCENT_COLOR_NAME = AccentColor;
				CODE_SIGN_STYLE = Automatic;
				CURRENT_PROJECT_VERSION = 1;
				ENABLE_APP_SANDBOX = YES;
				ENABLE_PREVIEWS = YES;
				ENABLE_USER_SELECTED_FILES = readonly;
				GENERATE_INFOPLIST_FILE = YES;
				INFOPLIST_KEY_CFBundleDisplayName = ubo;
				"INFOPLIST_KEY_UIApplicationSceneManifest_Generation[sdk=iphoneos*]" = YES;
				"INFOPLIST_KEY_UIApplicationSceneManifest_Generation[sdk=iphonesimulator*]" = YES;
				"INFOPLIST_KEY_UIApplicationSupportsIndirectInputEvents[sdk=iphoneos*]" = YES;
				"INFOPLIST_KEY_UIApplicationSupportsIndirectInputEvents[sdk=iphonesimulator*]" = YES;
				"INFOPLIST_KEY_UILaunchScreen_Generation[sdk=iphoneos*]" = YES;
				"INFOPLIST_KEY_UILaunchScreen_Generation[sdk=iphonesimulator*]" = YES;
				"INFOPLIST_KEY_UIStatusBarStyle[sdk=iphoneos*]" = UIStatusBarStyleDefault;
				"INFOPLIST_KEY_UIStatusBarStyle[sdk=iphonesimulator*]" = UIStatusBarStyleDefault;
				INFOPLIST_KEY_UISupportedInterfaceOrientations_iPad = "UIInterfaceOrientationPortrait UIInterfaceOrientationPortraitUpsideDown UIInterfaceOrientationLandscapeLeft UIInterfaceOrientationLandscapeRight";
				INFOPLIST_KEY_UISupportedInterfaceOrientations_iPhone = "UIInterfaceOrientationPortrait UIInterfaceOrientationLandscapeLeft UIInterfaceOrientationLandscapeRight";
				IPHONEOS_DEPLOYMENT_TARGET = 26.2;
				LD_RUNPATH_SEARCH_PATHS = "@executable_path/Frameworks";
				"LD_RUNPATH_SEARCH_PATHS[sdk=macosx*]" = "@executable_path/../Frameworks";
				MACOSX_DEPLOYMENT_TARGET = 26.2;
				MARKETING_VERSION = 1.0;
				PRODUCT_BUNDLE_IDENTIFIER = "ubopod.ubo-swift-app";
				PRODUCT_NAME = "$(TARGET_NAME)";
				REGISTER_APP_GROUPS = YES;
				SDKROOT = auto;
				STRING_CATALOG_GENERATE_SYMBOLS = YES;
				SUPPORTED_PLATFORMS = "iphoneos iphonesimulator macosx xros xrsimulator";
				SWIFT_APPROACHABLE_CONCURRENCY = YES;
				SWIFT_DEFAULT_ACTOR_ISOLATION = MainActor;
				SWIFT_EMIT_LOC_STRINGS = YES;
				SWIFT_UPCOMING_FEATURE_MEMBER_IMPORT_VISIBILITY = YES;
				SWIFT_VERSION = 5.0;
				TARGETED_DEVICE_FAMILY = "1,2,7";
				XROS_DEPLOYMENT_TARGET = 26.2;
			};
			name = Debug;
		};
		3B2BFD182F2A9EB9009F6CB1 /* Release */ = {
			isa = XCBuildConfiguration;
			buildSettings = {
				ASSETCATALOG_COMPILER_APPICON_NAME = AppIcon;
				ASSETCATALOG_COMPILER_GLOBAL_ACCENT_COLOR_NAME = AccentColor;
				CODE_SIGN_STYLE = Automatic;
				CURRENT_PROJECT_VERSION = 1;
				ENABLE_APP_SANDBOX = YES;
				ENABLE_PREVIEWS = YES;
				ENABLE_USER_SELECTED_FILES = readonly;
				GENERATE_INFOPLIST_FILE = YES;
				INFOPLIST_KEY_CFBundleDisplayName = ubo;
				"INFOPLIST_KEY_UIApplicationSceneManifest_Generation[sdk=iphoneos*]" = YES;
				"INFOPLIST_KEY_UIApplicationSceneManifest_Generation[sdk=iphonesimulator*]" = YES;
				"INFOPLIST_KEY_UIApplicationSupportsIndirectInputEvents[sdk=iphoneos*]" = YES;
				"INFOPLIST_KEY_UIApplicationSupportsIndirectInputEvents[sdk=iphonesimulator*]" = YES;
				"INFOPLIST_KEY_UILaunchScreen_Generation[sdk=iphoneos*]" = YES;
				"INFOPLIST_KEY_UILaunchScreen_Generation[sdk=iphonesimulator*]" = YES;
				"INFOPLIST_KEY_UIStatusBarStyle[sdk=iphoneos*]" = UIStatusBarStyleDefault;
				"INFOPLIST_KEY_UIStatusBarStyle[sdk=iphonesimulator*]" = UIStatusBarStyleDefault;
				INFOPLIST_KEY_UISupportedInterfaceOrientations_iPad = "UIInterfaceOrientationPortrait UIInterfaceOrientationPortraitUpsideDown UIInterfaceOrientationLandscapeLeft UIInterfaceOrientationLandscapeRight";
				INFOPLIST_KEY_UISupportedInterfaceOrientations_iPhone = "UIInterfaceOrientationPortrait UIInterfaceOrientationLandscapeLeft UIInterfaceOrientationLandscapeRight";
				IPHONEOS_DEPLOYMENT_TARGET = 26.2;
				LD_RUNPATH_SEARCH_PATHS = "@executable_path/Frameworks";
				"LD_RUNPATH_SEARCH_PATHS[sdk=macosx*]" = "@executable_path/../Frameworks";
				MACOSX_DEPLOYMENT_TARGET = 26.2;
				MARKETING_VERSION = 1.0;
				PRODUCT_BUNDLE_IDENTIFIER = "ubopod.ubo-swift-app";
				PRODUCT_NAME = "$(TARGET_NAME)";
				REGISTER_APP_GROUPS = YES;
				SDKROOT = auto;
				STRING_CATALOG_GENERATE_SYMBOLS = YES;
				SUPPORTED_PLATFORMS = "iphoneos iphonesimulator macosx xros xrsimulator";
				SWIFT_APPROACHABLE_CONCURRENCY = YES;
				SWIFT_DEFAULT_ACTOR_ISOLATION = MainActor;
				SWIFT_EMIT_LOC_STRINGS = YES;
				SWIFT_UPCOMING_FEATURE_MEMBER_IMPORT_VISIBILITY = YES;
				SWIFT_VERSION = 5.0;
				TARGETED_DEVICE_FAMILY = "1,2,7";
				XROS_DEPLOYMENT_TARGET = 26.2;
			};
			name = Release;
		};
		3B2BFD1A2F2A9EB9009F6CB1 /* Debug */ = {
			isa = XCBuildConfiguration;
			buildSettings = {
				BUNDLE_LOADER = "$(TEST_HOST)";
				CODE_SIGN_STYLE = Automatic;
				CURRENT_PROJECT_VERSION = 1;
				GENERATE_INFOPLIST_FILE = YES;
				IPHONEOS_DEPLOYMENT_TARGET = 26.2;
				MACOSX_DEPLOYMENT_TARGET = 26.2;
				MARKETING_VERSION = 1.0;
				PRODUCT_BUNDLE_IDENTIFIER = "ubopod.ubo-swift-appTests";
				PRODUCT_NAME = "$(TARGET_NAME)";
				SDKROOT = auto;
				STRING_CATALOG_GENERATE_SYMBOLS = NO;
				SUPPORTED_PLATFORMS = "iphoneos iphonesimulator macosx xros xrsimulator";
				SWIFT_APPROACHABLE_CONCURRENCY = YES;
				SWIFT_EMIT_LOC_STRINGS = NO;
				SWIFT_UPCOMING_FEATURE_MEMBER_IMPORT_VISIBILITY = YES;
				SWIFT_VERSION = 5.0;
				TARGETED_DEVICE_FAMILY = "1,2,7";
				TEST_HOST = "$(BUILT_PRODUCTS_DIR)/ubo-swift-app.app/$(BUNDLE_EXECUTABLE_FOLDER_PATH)/ubo-swift-app";
				XROS_DEPLOYMENT_TARGET = 26.2;
			};
			name = Debug;
		};
		3B2BFD1B2F2A9EB9009F6CB1 /* Release */ = {
			isa = XCBuildConfiguration;
			buildSettings = {
				BUNDLE_LOADER = "$(TEST_HOST)";
				CODE_SIGN_STYLE = Automatic;
				CURRENT_PROJECT_VERSION = 1;
				GENERATE_INFOPLIST_FILE = YES;
				IPHONEOS_DEPLOYMENT_TARGET = 26.2;
				MACOSX_DEPLOYMENT_TARGET = 26.2;
				MARKETING_VERSION = 1.0;
				PRODUCT_BUNDLE_IDENTIFIER = "ubopod.ubo-swift-appTests";
				PRODUCT_NAME = "$(TARGET_NAME)";
				SDKROOT = auto;
				STRING_CATALOG_GENERATE_SYMBOLS = NO;
				SUPPORTED_PLATFORMS = "iphoneos iphonesimulator macosx xros xrsimulator";
				SWIFT_APPROACHABLE_CONCURRENCY = YES;
				SWIFT_EMIT_LOC_STRINGS = NO;
				SWIFT_UPCOMING_FEATURE_MEMBER_IMPORT_VISIBILITY = YES;
				SWIFT_VERSION = 5.0;
				TARGETED_DEVICE_FAMILY = "1,2,7";
				TEST_HOST = "$(BUILT_PRODUCTS_DIR)/ubo-swift-app.app/$(BUNDLE_EXECUTABLE_FOLDER_PATH)/ubo-swift-app";
				XROS_DEPLOYMENT_TARGET = 26.2;
			};
			name = Release;
		};
		3B2BFD1D2F2A9EB9009F6CB1 /* Debug */ = {
			isa = XCBuildConfiguration;
			buildSettings = {
				CODE_SIGN_STYLE = Automatic;
				CURRENT_PROJECT_VERSION = 1;
				GENERATE_INFOPLIST_FILE = YES;
				IPHONEOS_DEPLOYMENT_TARGET = 26.2;
				MACOSX_DEPLOYMENT_TARGET = 26.2;
				MARKETING_VERSION = 1.0;
				PRODUCT_BUNDLE_IDENTIFIER = "ubopod.ubo-swift-appUITests";
				PRODUCT_NAME = "$(TARGET_NAME)";
				SDKROOT = auto;
				STRING_CATALOG_GENERATE_SYMBOLS = NO;
				SUPPORTED_PLATFORMS = "iphoneos iphonesimulator macosx xros xrsimulator";
				SWIFT_APPROACHABLE_CONCURRENCY = YES;
				SWIFT_EMIT_LOC_STRINGS = NO;
				SWIFT_UPCOMING_FEATURE_MEMBER_IMPORT_VISIBILITY = YES;
				SWIFT_VERSION = 5.0;
				TARGETED_DEVICE_FAMILY = "1,2,7";
				TEST_TARGET_NAME = "ubo-swift-app";
				XROS_DEPLOYMENT_TARGET = 26.2;
			};
			name = Debug;
		};
		3B2BFD1E2F2A9EB9009F6CB1 /* Release */ = {
			isa = XCBuildConfiguration;
			buildSettings = {
				CODE_SIGN_STYLE = Automatic;
				CURRENT_PROJECT_VERSION = 1;
				GENERATE_INFOPLIST_FILE = YES;
				IPHONEOS_DEPLOYMENT_TARGET = 26.2;
				MACOSX_DEPLOYMENT_TARGET = 26.2;
				MARKETING_VERSION = 1.0;
				PRODUCT_BUNDLE_IDENTIFIER = "ubopod.ubo-swift-appUITests";
				PRODUCT_NAME = "$(TARGET_NAME)";
				SDKROOT = auto;
				STRING_CATALOG_GENERATE_SYMBOLS = NO;
				SUPPORTED_PLATFORMS = "iphoneos iphonesimulator macosx xros xrsimulator";
				SWIFT_APPROACHABLE_CONCURRENCY = YES;
				SWIFT_EMIT_LOC_STRINGS = NO;
				SWIFT_UPCOMING_FEATURE_MEMBER_IMPORT_VISIBILITY = YES;
				SWIFT_VERSION = 5.0;
				TARGETED_DEVICE_FAMILY = "1,2,7";
				TEST_TARGET_NAME = "ubo-swift-app";
				XROS_DEPLOYMENT_TARGET = 26.2;
			};
			name = Release;
		};
/* End XCBuildConfiguration section */

/* Begin XCConfigurationList section */
		3B12D7F62F2AA2BD00C9B856 /* Build configuration list for PBXNativeTarget "ubo Watch App" */ = {
			isa = XCConfigurationList;
			buildConfigurations = (
				3B12D7F02F2AA2BD00C9B856 /* Debug */,
				3B12D7F12F2AA2BD00C9B856 /* Release */,
			);
			defaultConfigurationIsVisible = 0;
			defaultConfigurationName = Release;
		};
		3B12D7F72F2AA2BD00C9B856 /* Build configuration list for PBXNativeTarget "ubo Watch AppTests" */ = {
			isa = XCConfigurationList;
			buildConfigurations = (
				3B12D7F22F2AA2BD00C9B856 /* Debug */,
				3B12D7F32F2AA2BD00C9B856 /* Release */,
			);
			defaultConfigurationIsVisible = 0;
			defaultConfigurationName = Release;
		};
		3B12D7F82F2AA2BD00C9B856 /* Build configuration list for PBXNativeTarget "ubo Watch AppUITests" */ = {
			isa = XCConfigurationList;
			buildConfigurations = (
				3B12D7F42F2AA2BD00C9B856 /* Debug */,
				3B12D7F52F2AA2BD00C9B856 /* Release */,
			);
			defaultConfigurationIsVisible = 0;
			defaultConfigurationName = Release;
		};
		3B2BFCF02F2A9EB8009F6CB1 /* Build configuration list for PBXProject "ubo-swift-app" */ = {
			isa = XCConfigurationList;
			buildConfigurations = (
				3B2BFD142F2A9EB9009F6CB1 /* Debug */,
				3B2BFD152F2A9EB9009F6CB1 /* Release */,
			);
			defaultConfigurationIsVisible = 0;
			defaultConfigurationName = Release;
		};
		3B2BFD162F2A9EB9009F6CB1 /* Build configuration list for PBXNativeTarget "ubo-swift-app" */ = {
			isa = XCConfigurationList;
			buildConfigurations = (
				3B2BFD172F2A9EB9009F6CB1 /* Debug */,
				3B2BFD182F2A9EB9009F6CB1 /* Release */,
			);
			defaultConfigurationIsVisible = 0;
			defaultConfigurationName = Release;
		};
		3B2BFD192F2A9EB9009F6CB1 /* Build configuration list for PBXNativeTarget "ubo-swift-appTests" */ = {
			isa = XCConfigurationList;
			buildConfigurations = (
				3B2BFD1A2F2A9EB9009F6CB1 /* Debug */,
				3B2BFD1B2F2A9EB9009F6CB1 /* Release */,
			);
			defaultConfigurationIsVisible = 0;
			defaultConfigurationName = Release;
		};
		3B2BFD1C2F2A9EB9009F6CB1 /* Build configuration list for PBXNativeTarget "ubo-swift-appUITests" */ = {
			isa = XCConfigurationList;
			buildConfigurations = (
				3B2BFD1D2F2A9EB9009F6CB1 /* Debug */,
				3B2BFD1E2F2A9EB9009F6CB1 /* Release */,
			);
			defaultConfigurationIsVisible = 0;
			defaultConfigurationName = Release;
		};
/* End XCConfigurationList section */
	};
	rootObject = 3B2BFCED2F2A9EB8009F6CB1 /* Project object */;
}
